{
  "name": "changes-spoke4-portal",
  "version": "1.0.0",
  "lockfileVersion": 3,
  "requires": true,
  "packages": {
    "": {
      "name": "changes-spoke4-portal",
      "version": "1.0.0",
      "license": "ISC",
      "dependencies": {
        "@fontsource/pt-serif": "^5.2.6",
        "@fontsource/work-sans": "^5.2.6",
        "bootstrap": "^5.3.8",
        "bootstrap-icons": "^1.13.1"
      }
    },
    "node_modules/@fontsource/pt-serif": {
      "version": "5.2.6",
      "resolved": "https://registry.npmjs.org/@fontsource/pt-serif/-/pt-serif-5.2.6.tgz",
      "integrity": "sha512-RYVCUZQ0pRt0RBtn8qXqrZLJlwBw8Ro32iNQ05IdYEcwpDF7Afy+DIE0L6jA15LGl8Cc3WxFjEOZhn1dOmEMfg==",
      "license": "OFL-1.1",
      "funding": {
        "url": "https://github.com/sponsors/ayuhito"
      }
    },
    "node_modules/@fontsource/work-sans": {
      "version": "5.2.6",
      "resolved": "https://registry.npmjs.org/@fontsource/work-sans/-/work-sans-5.2.6.tgz",
      "integrity": "sha512-U0FOkIl84q01lIYWhGhiMjrQX0dT/gBthO8ahRzNrXHTBjjPjWmkwGeINNdv19x2IQhxAZT/2bVD9Izg9C+8gw==",
      "license": "OFL-1.1",
      "funding": {
        "url": "https://github.com/sponsors/ayuhito"
      }
    },
    "node_modules/@popperjs/core": {
      "version": "2.11.8",
      "resolved": "https://registry.npmjs.org/@popperjs/core/-/core-2.11.8.tgz",
      "integrity": "sha512-P1st0aksCrn9sGZhp8GMYwBnQsbvAWsZAX44oXNNvLHGqAOcoVxmjZiohstwQ7SqKnbR47akdNi+uleWD8+g6A==",
      "license": "MIT",
      "peer": true,
      "funding": {
        "type": "opencollective",
        "url": "https://opencollective.com/popperjs"
      }
    },
    "node_modules/bootstrap": {
      "version": "5.3.8",
      "resolved": "https://registry.npmjs.org/bootstrap/-/bootstrap-5.3.8.tgz",
      "integrity": "sha512-HP1SZDqaLDPwsNiqRqi5NcP0SSXciX2s9E+RyqJIIqGo+vJeN5AJVM98CXmW/Wux0nQ5L7jeWUdplCEf0Ee+tg==",
      "funding": [
        {
          "type": "github",
          "url": "https://github.com/sponsors/twbs"
        },
        {
          "type": "opencollective",
          "url": "https://opencollective.com/bootstrap"
        }
      ],
      "license": "MIT",
      "peerDependencies": {
        "@popperjs/core": "^2.11.8"
      }
    },
    "node_modules/bootstrap-icons": {
      "version": "1.13.1",
      "resolved": "https://registry.npmjs.org/bootstrap-icons/-/bootstrap-icons-1.13.1.tgz",
      "integrity": "sha512-ijombt4v6bv5CLeXvRWKy7CuM3TRTuPEuGaGKvTV5cz65rQSY8RQ2JcHt6b90cBBAC7s8fsf2EkQDldzCoXUjw==",
      "funding": [
        {
          "type": "github",
          "url": "https://github.com/sponsors/twbs"
        },
        {
          "type": "opencollective",
          "url": "https://opencollective.com/bootstrap"
        }
      ],
      "license": "MIT"
    }
  }
}
